// !$*UTF8*$!
{
	archiveVersion = 1;
	classes = {
	};
	objectVersion = 46;
	objects = {

/* Begin PBXBuildFile section */
		7204771B1CCAEBB6005D8772 /* AppDelegate.swift in Sources */ = {isa = PBXBuildFile; fileRef = 7204771A1CCAEBB6005D8772 /* AppDelegate.swift */; };
		7204771D1CCAEBB6005D8772 /* ViewController.swift in Sources */ = {isa = PBXBuildFile; fileRef = 7204771C1CCAEBB6005D8772 /* ViewController.swift */; };
		720477201CCAEBB7005D8772 /* Main.storyboard in Resources */ = {isa = PBXBuildFile; fileRef = 7204771E1CCAEBB7005D8772 /* Main.storyboard */; };
		720477251CCAEBB7005D8772 /* LaunchScreen.storyboard in Resources */ = {isa = PBXBuildFile; fileRef = 720477231CCAEBB7005D8772 /* LaunchScreen.storyboard */; };
		720477301CCAEBB7005D8772 /* CheesecakeTests.swift in Sources */ = {isa = PBXBuildFile; fileRef = 7204772F1CCAEBB7005D8772 /* CheesecakeTests.swift */; };
		7204773B1CCAEBB7005D8772 /* CheesecakeUITests.swift in Sources */ = {isa = PBXBuildFile; fileRef = 7204773A1CCAEBB7005D8772 /* CheesecakeUITests.swift */; };
		7204774B1CCB053F005D8772 /* ShibaTableViewController.swift in Sources */ = {isa = PBXBuildFile; fileRef = 7204774A1CCB053F005D8772 /* ShibaTableViewController.swift */; };
		7204774D1CCB05CB005D8772 /* Shiba.swift in Sources */ = {isa = PBXBuildFile; fileRef = 7204774C1CCB05CB005D8772 /* Shiba.swift */; };
		7204774F1CCB0674005D8772 /* SampleData.swift in Sources */ = {isa = PBXBuildFile; fileRef = 7204774E1CCB0674005D8772 /* SampleData.swift */; };
		720477531CCB227F005D8772 /* Assets.xcassets in Resources */ = {isa = PBXBuildFile; fileRef = 720477521CCB227F005D8772 /* Assets.xcassets */; };
/* End PBXBuildFile section */

/* Begin PBXContainerItemProxy section */
		7204772C1CCAEBB7005D8772 /* PBXContainerItemProxy */ = {
			isa = PBXContainerItemProxy;
			containerPortal = 7204770F1CCAEBB5005D8772 /* Project object */;
			proxyType = 1;
			remoteGlobalIDString = 720477161CCAEBB6005D8772;
			remoteInfo = Cheesecake;
		};
		720477371CCAEBB7005D8772 /* PBXContainerItemProxy */ = {
			isa = PBXContainerItemProxy;
			containerPortal = 7204770F1CCAEBB5005D8772 /* Project object */;
			proxyType = 1;
			remoteGlobalIDString = 720477161CCAEBB6005D8772;
			remoteInfo = Cheesecake;
		};
/* End PBXContainerItemProxy section */

/* Begin PBXFileReference section */
		720477171CCAEBB6005D8772 /* Cheesecake.app */ = {isa = PBXFileReference; explicitFileType = wrapper.application; includeInIndex = 0; path = Cheesecake.app; sourceTree = BUILT_PRODUCTS_DIR; };
		7204771A1CCAEBB6005D8772 /* AppDelegate.swift */ = {isa = PBXFileReference; lastKnownFileType = sourcecode.swift; path = AppDelegate.swift; sourceTree = "<group>"; };
		7204771C1CCAEBB6005D8772 /* ViewController.swift */ = {isa = PBXFileReference; lastKnownFileType = sourcecode.swift; path = ViewController.swift; sourceTree = "<group>"; };
		7204771F1CCAEBB7005D8772 /* Base */ = {isa = PBXFileReference; lastKnownFileType = file.storyboard; name = Base; path = Base.lproj/Main.storyboard; sourceTree = "<group>"; };
		720477241CCAEBB7005D8772 /* Base */ = {isa = PBXFileReference; lastKnownFileType = file.storyboard; name = Base; path = Base.lproj/LaunchScreen.storyboard; sourceTree = "<group>"; };
		720477261CCAEBB7005D8772 /* Info.plist */ = {isa = PBXFileReference; lastKnownFileType = text.plist.xml; path = Info.plist; sourceTree = "<group>"; };
		7204772B1CCAEBB7005D8772 /* CheesecakeTests.xctest */ = {isa = PBXFileReference; explicitFileType = wrapper.cfbundle; includeInIndex = 0; path = CheesecakeTests.xctest; sourceTree = BUILT_PRODUCTS_DIR; };
		7204772F1CCAEBB7005D8772 /* CheesecakeTests.swift */ = {isa = PBXFileReference; lastKnownFileType = sourcecode.swift; path = CheesecakeTests.swift; sourceTree = "<group>"; };
		720477311CCAEBB7005D8772 /* Info.plist */ = {isa = PBXFileReference; lastKnownFileType = text.plist.xml; path = Info.plist; sourceTree = "<group>"; };
		720477361CCAEBB7005D8772 /* CheesecakeUITests.xctest */ = {isa = PBXFileReference; explicitFileType = wrapper.cfbundle; includeInIndex = 0; path = CheesecakeUITests.xctest; sourceTree = BUILT_PRODUCTS_DIR; };
		7204773A1CCAEBB7005D8772 /* CheesecakeUITests.swift */ = {isa = PBXFileReference; lastKnownFileType = sourcecode.swift; path = CheesecakeUITests.swift; sourceTree = "<group>"; };
		7204773C1CCAEBB7005D8772 /* Info.plist */ = {isa = PBXFileReference; lastKnownFileType = text.plist.xml; path = Info.plist; sourceTree = "<group>"; };
		7204774A1CCB053F005D8772 /* ShibaTableViewController.swift */ = {isa = PBXFileReference; fileEncoding = 4; lastKnownFileType = sourcecode.swift; name = ShibaTableViewController.swift; path = ../ShibaTableViewController.swift; sourceTree = "<group>"; };
		7204774C1CCB05CB005D8772 /* Shiba.swift */ = {isa = PBXFileReference; fileEncoding = 4; lastKnownFileType = sourcecode.swift; name = Shiba.swift; path = ../Shiba.swift; sourceTree = "<group>"; };
		7204774E1CCB0674005D8772 /* SampleData.swift */ = {isa = PBXFileReference; fileEncoding = 4; lastKnownFileType = sourcecode.swift; name = SampleData.swift; path = ../SampleData.swift; sourceTree = "<group>"; };
		720477521CCB227F005D8772 /* Assets.xcassets */ = {isa = PBXFileReference; lastKnownFileType = folder.assetcatalog; path = Assets.xcassets; sourceTree = "<group>"; };
/* End PBXFileReference section */

/* Begin PBXFrameworksBuildPhase section */
		720477141CCAEBB6005D8772 /* Frameworks */ = {
			isa = PBXFrameworksBuildPhase;
			buildActionMask = 2147483647;
			files = (
			);
			runOnlyForDeploymentPostprocessing = 0;
		};
		720477281CCAEBB7005D8772 /* Frameworks */ = {
			isa = PBXFrameworksBuildPhase;
			buildActionMask = 2147483647;
			files = (
			);
			runOnlyForDeploymentPostprocessing = 0;
		};
		720477331CCAEBB7005D8772 /* Frameworks */ = {
			isa = PBXFrameworksBuildPhase;
			buildActionMask = 2147483647;
			files = (
			);
			runOnlyForDeploymentPostprocessing = 0;
		};
/* End PBXFrameworksBuildPhase section */

/* Begin PBXGroup section */
		7204770E1CCAEBB5005D8772 = {
			isa = PBXGroup;
			children = (
				720477391CCAEBB7005D8772 /* CheesecakeUITests */,
				720477191CCAEBB6005D8772 /* Cheesecake */,
				7204772E1CCAEBB7005D8772 /* CheesecakeTests */,
				720477181CCAEBB6005D8772 /* Products */,
			);
			sourceTree = "<group>";
		};
		720477181CCAEBB6005D8772 /* Products */ = {
			isa = PBXGroup;
			children = (
				720477171CCAEBB6005D8772 /* Cheesecake.app */,
				7204772B1CCAEBB7005D8772 /* CheesecakeTests.xctest */,
				720477361CCAEBB7005D8772 /* CheesecakeUITests.xctest */,
			);
			name = Products;
			sourceTree = "<group>";
		};
		720477191CCAEBB6005D8772 /* Cheesecake */ = {
			isa = PBXGroup;
			children = (
				7204771A1CCAEBB6005D8772 /* AppDelegate.swift */,
				7204771C1CCAEBB6005D8772 /* ViewController.swift */,
				7204774C1CCB05CB005D8772 /* Shiba.swift */,
				7204774E1CCB0674005D8772 /* SampleData.swift */,
				7204774A1CCB053F005D8772 /* ShibaTableViewController.swift */,
				7204771E1CCAEBB7005D8772 /* Main.storyboard */,
				720477231CCAEBB7005D8772 /* LaunchScreen.storyboard */,
				720477261CCAEBB7005D8772 /* Info.plist */,
				720477521CCB227F005D8772 /* Assets.xcassets */,
			);
			path = Cheesecake;
			sourceTree = "<group>";
		};
		7204772E1CCAEBB7005D8772 /* CheesecakeTests */ = {
			isa = PBXGroup;
			children = (
				7204772F1CCAEBB7005D8772 /* CheesecakeTests.swift */,
				720477311CCAEBB7005D8772 /* Info.plist */,
			);
			path = CheesecakeTests;
			sourceTree = "<group>";
		};
		720477391CCAEBB7005D8772 /* CheesecakeUITests */ = {
			isa = PBXGroup;
			children = (
				7204773A1CCAEBB7005D8772 /* CheesecakeUITests.swift */,
				7204773C1CCAEBB7005D8772 /* Info.plist */,
			);
			path = CheesecakeUITests;
			sourceTree = "<group>";
		};
/* End PBXGroup section */

/* Begin PBXNativeTarget section */
		720477161CCAEBB6005D8772 /* Cheesecake */ = {
			isa = PBXNativeTarget;
			buildConfigurationList = 7204773F1CCAEBB7005D8772 /* Build configuration list for PBXNativeTarget "Cheesecake" */;
			buildPhases = (
				720477131CCAEBB6005D8772 /* Sources */,
				720477141CCAEBB6005D8772 /* Frameworks */,
				720477151CCAEBB6005D8772 /* Resources */,
			);
			buildRules = (
			);
			dependencies = (
			);
			name = Cheesecake;
			productName = Cheesecake;
			productReference = 720477171CCAEBB6005D8772 /* Cheesecake.app */;
			productType = "com.apple.product-type.application";
		};
		7204772A1CCAEBB7005D8772 /* CheesecakeTests */ = {
			isa = PBXNativeTarget;
			buildConfigurationList = 720477421CCAEBB7005D8772 /* Build configuration list for PBXNativeTarget "CheesecakeTests" */;
			buildPhases = (
				720477271CCAEBB7005D8772 /* Sources */,
				720477281CCAEBB7005D8772 /* Frameworks */,
				720477291CCAEBB7005D8772 /* Resources */,
			);
			buildRules = (
			);
			dependencies = (
				7204772D1CCAEBB7005D8772 /* PBXTargetDependency */,
			);
			name = CheesecakeTests;
			productName = CheesecakeTests;
			productReference = 7204772B1CCAEBB7005D8772 /* CheesecakeTests.xctest */;
			productType = "com.apple.product-type.bundle.unit-test";
		};
		720477351CCAEBB7005D8772 /* CheesecakeUITests */ = {
			isa = PBXNativeTarget;
			buildConfigurationList = 720477451CCAEBB7005D8772 /* Build configuration list for PBXNativeTarget "CheesecakeUITests" */;
			buildPhases = (
				720477321CCAEBB7005D8772 /* Sources */,
				720477331CCAEBB7005D8772 /* Frameworks */,
				720477341CCAEBB7005D8772 /* Resources */,
			);
			buildRules = (
			);
			dependencies = (
				720477381CCAEBB7005D8772 /* PBXTargetDependency */,
			);
			name = CheesecakeUITests;
			productName = CheesecakeUITests;
			productReference = 720477361CCAEBB7005D8772 /* CheesecakeUITests.xctest */;
			productType = "com.apple.product-type.bundle.ui-testing";
		};
/* End PBXNativeTarget section */

/* Begin PBXProject section */
		7204770F1CCAEBB5005D8772 /* Project object */ = {
			isa = PBXProject;
			attributes = {
				KnownAssetTags = (
					100,
					101,
				);
				LastSwiftUpdateCheck = 0730;
				LastUpgradeCheck = 0730;
				ORGANIZATIONNAME = Hy.;
				TargetAttributes = {
					720477161CCAEBB6005D8772 = {
						CreatedOnToolsVersion = 7.3;
						DevelopmentTeam = U8G5JD28GM;
					};
					7204772A1CCAEBB7005D8772 = {
						CreatedOnToolsVersion = 7.3;
						TestTargetID = 720477161CCAEBB6005D8772;
					};
					720477351CCAEBB7005D8772 = {
						CreatedOnToolsVersion = 7.3;
						TestTargetID = 720477161CCAEBB6005D8772;
					};
				};
			};
			buildConfigurationList = 720477121CCAEBB5005D8772 /* Build configuration list for PBXProject "Cheesecake" */;
			compatibilityVersion = "Xcode 3.2";
			developmentRegion = English;
			hasScannedForEncodings = 0;
			knownRegions = (
				en,
				Base,
			);
			mainGroup = 7204770E1CCAEBB5005D8772;
			productRefGroup = 720477181CCAEBB6005D8772 /* Products */;
			projectDirPath = "";
			projectRoot = "";
			targets = (
				720477161CCAEBB6005D8772 /* Cheesecake */,
				7204772A1CCAEBB7005D8772 /* CheesecakeTests */,
				720477351CCAEBB7005D8772 /* CheesecakeUITests */,
			);
		};
/* End PBXProject section */

/* Begin PBXResourcesBuildPhase section */
		720477151CCAEBB6005D8772 /* Resources */ = {
			isa = PBXResourcesBuildPhase;
			buildActionMask = 2147483647;
			files = (
				720477251CCAEBB7005D8772 /* LaunchScreen.storyboard in Resources */,
				720477531CCB227F005D8772 /* Assets.xcassets in Resources */,
				720477201CCAEBB7005D8772 /* Main.storyboard in Resources */,
			);
			runOnlyForDeploymentPostprocessing = 0;
		};
		720477291CCAEBB7005D8772 /* Resources */ = {
			isa = PBXResourcesBuildPhase;
			buildActionMask = 2147483647;
			files = (
			);
			runOnlyForDeploymentPostprocessing = 0;
		};
		720477341CCAEBB7005D8772 /* Resources */ = {
			isa = PBXResourcesBuildPhase;
			buildActionMask = 2147483647;
			files = (
			);
			runOnlyForDeploymentPostprocessing = 0;
		};
/* End PBXResourcesBuildPhase section */

/* Begin PBXSourcesBuildPhase section */
		720477131CCAEBB6005D8772 /* Sources */ = {
			isa = PBXSourcesBuildPhase;
			buildActionMask = 2147483647;
			files = (
				7204771D1CCAEBB6005D8772 /* ViewController.swift in Sources */,
				7204774D1CCB05CB005D8772 /* Shiba.swift in Sources */,
				7204774B1CCB053F005D8772 /* ShibaTableViewController.swift in Sources */,
				7204774F1CCB0674005D8772 /* SampleData.swift in Sources */,
				7204771B1CCAEBB6005D8772 /* AppDelegate.swift in Sources */,
			);
			runOnlyForDeploymentPostprocessing = 0;
		};
		720477271CCAEBB7005D8772 /* Sources */ = {
			isa = PBXSourcesBuildPhase;
			buildActionMask = 2147483647;
			files = (
				720477301CCAEBB7005D8772 /* CheesecakeTests.swift in Sources */,
			);
			runOnlyForDeploymentPostprocessing = 0;
		};
		720477321CCAEBB7005D8772 /* Sources */ = {
			isa = PBXSourcesBuildPhase;
			buildActionMask = 2147483647;
			files = (
				7204773B1CCAEBB7005D8772 /* CheesecakeUITests.swift in Sources */,
			);
			runOnlyForDeploymentPostprocessing = 0;
		};
/* End PBXSourcesBuildPhase section */

/* Begin PBXTargetDependency section */
		7204772D1CCAEBB7005D8772 /* PBXTargetDependency */ = {
			isa = PBXTargetDependency;
			target = 720477161CCAEBB6005D8772 /* Cheesecake */;
			targetProxy = 7204772C1CCAEBB7005D8772 /* PBXContainerItemProxy */;
		};
		720477381CCAEBB7005D8772 /* PBXTargetDependency */ = {
			isa = PBXTargetDependency;
			target = 720477161CCAEBB6005D8772 /* Cheesecake */;
			targetProxy = 720477371CCAEBB7005D8772 /* PBXContainerItemProxy */;
		};
/* End PBXTargetDependency section */

/* Begin PBXVariantGroup section */
		7204771E1CCAEBB7005D8772 /* Main.storyboard */ = {
			isa = PBXVariantGroup;
			children = (
				7204771F1CCAEBB7005D8772 /* Base */,
			);
			name = Main.storyboard;
			sourceTree = "<group>";
		};
		720477231CCAEBB7005D8772 /* LaunchScreen.storyboard */ = {
			isa = PBXVariantGroup;
			children = (
				720477241CCAEBB7005D8772 /* Base */,
			);
			name = LaunchScreen.storyboard;
			sourceTree = "<group>";
		};
/* End PBXVariantGroup section */

/* Begin XCBuildConfiguration section */
		7204773D1CCAEBB7005D8772 /* Debug */ = {
			isa = XCBuildConfiguration;
			buildSettings = {
				ALWAYS_SEARCH_USER_PATHS = NO;
				CLANG_ANALYZER_NONNULL = YES;
				CLANG_CXX_LANGUAGE_STANDARD = "gnu++0x";
				CLANG_CXX_LIBRARY = "libc++";
				CLANG_ENABLE_MODULES = YES;
				CLANG_ENABLE_OBJC_ARC = YES;
				CLANG_WARN_BOOL_CONVERSION = YES;
				CLANG_WARN_CONSTANT_CONVERSION = YES;
				CLANG_WARN_DIRECT_OBJC_ISA_USAGE = YES_ERROR;
				CLANG_WARN_EMPTY_BODY = YES;
				CLANG_WARN_ENUM_CONVERSION = YES;
				CLANG_WARN_INT_CONVERSION = YES;
				CLANG_WARN_OBJC_ROOT_CLASS = YES_ERROR;
				CLANG_WARN_UNREACHABLE_CODE = YES;
				CLANG_WARN__DUPLICATE_METHOD_MATCH = YES;
				"CODE_SIGN_IDENTITY[sdk=iphoneos*]" = "iPhone Developer";
				COPY_PHASE_STRIP = NO;
				DEBUG_INFORMATION_FORMAT = dwarf;
				ENABLE_STRICT_OBJC_MSGSEND = YES;
				ENABLE_TESTABILITY = YES;
				GCC_C_LANGUAGE_STANDARD = gnu99;
				GCC_DYNAMIC_NO_PIC = NO;
				GCC_NO_COMMON_BLOCKS = YES;
				GCC_OPTIMIZATION_LEVEL = 0;
				GCC_PREPROCESSOR_DEFINITIONS = (
					"DEBUG=1",
					"$(inherited)",
				);
				GCC_WARN_64_TO_32_BIT_CONVERSION = YES;
				GCC_WARN_ABOUT_RETURN_TYPE = YES_ERROR;
				GCC_WARN_UNDECLARED_SELECTOR = YES;
				GCC_WARN_UNINITIALIZED_AUTOS = YES_AGGRESSIVE;
				GCC_WARN_UNUSED_FUNCTION = YES;
				GCC_WARN_UNUSED_VARIABLE = YES;
				IPHONEOS_DEPLOYMENT_TARGET = 9.3;
				MTL_ENABLE_DEBUG_INFO = YES;
				ONLY_ACTIVE_ARCH = YES;
				SDKROOT = iphoneos;
				SWIFT_OPTIMIZATION_LEVEL = "-Onone";
			};
			name = Debug;
		};
		7204773E1CCAEBB7005D8772 /* Release */ = {
			isa = XCBuildConfiguration;
			buildSettings = {
				ALWAYS_SEARCH_USER_PATHS = NO;
				CLANG_ANALYZER_NONNULL = YES;
				CLANG_CXX_LANGUAGE_STANDARD = "gnu++0x";
				CLANG_CXX_LIBRARY = "libc++";
				CLANG_ENABLE_MODULES = YES;
				CLANG_ENABLE_OBJC_ARC = YES;
				CLANG_WARN_BOOL_CONVERSION = YES;
				CLANG_WARN_CONSTANT_CONVERSION = YES;
				CLANG_WARN_DIRECT_OBJC_ISA_USAGE = YES_ERROR;
				CLANG_WARN_EMPTY_BODY = YES;
				CLANG_WARN_ENUM_CONVERSION = YES;
				CLANG_WARN_INT_CONVERSION = YES;
				CLANG_WARN_OBJC_ROOT_CLASS = YES_ERROR;
				CLANG_WARN_UNREACHABLE_CODE = YES;
				CLANG_WARN__DUPLICATE_METHOD_MATCH = YES;
				"CODE_SIGN_IDENTITY[sdk=iphoneos*]" = "iPhone Developer";
				COPY_PHASE_STRIP = NO;
				DEBUG_INFORMATION_FORMAT = "dwarf-with-dsym";
				ENABLE_NS_ASSERTIONS = NO;
				ENABLE_STRICT_OBJC_MSGSEND = YES;
				GCC_C_LANGUAGE_STANDARD = gnu99;
				GCC_NO_COMMON_BLOCKS = YES;
				GCC_WARN_64_TO_32_BIT_CONVERSION = YES;
				GCC_WARN_ABOUT_RETURN_TYPE = YES_ERROR;
				GCC_WARN_UNDECLARED_SELECTOR = YES;
				GCC_WARN_UNINITIALIZED_AUTOS = YES_AGGRESSIVE;
				GCC_WARN_UNUSED_FUNCTION = YES;
				GCC_WARN_UNUSED_VARIABLE = YES;
				IPHONEOS_DEPLOYMENT_TARGET = 9.3;
				MTL_ENABLE_DEBUG_INFO = NO;
				SDKROOT = iphoneos;
				VALIDATE_PRODUCT = YES;
			};
			name = Release;
		};
		720477401CCAEBB7005D8772 /* Debug */ = {
			isa = XCBuildConfiguration;
			buildSettings = {
				ASSETCATALOG_COMPILER_APPICON_NAME = AppIcon;
				CODE_SIGN_IDENTITY = "iPhone Developer";
				INFOPLIST_FILE = Cheesecake/Info.plist;
				IPHONEOS_DEPLOYMENT_TARGET = 9.3;
				LD_RUNPATH_SEARCH_PATHS = "$(inherited) @executable_path/Frameworks";
				PRODUCT_BUNDLE_IDENTIFIER = Matcha.Cheesecake;
				PRODUCT_NAME = "$(TARGET_NAME)";
			};
			name = Debug;
		};
		720477411CCAEBB7005D8772 /* Release */ = {
			isa = XCBuildConfiguration;
			buildSettings = {
				ASSETCATALOG_COMPILER_APPICON_NAME = AppIcon;
				CODE_SIGN_IDENTITY = "iPhone Developer";
				INFOPLIST_FILE = Cheesecake/Info.plist;
				IPHONEOS_DEPLOYMENT_TARGET = 9.3;
				LD_RUNPATH_SEARCH_PATHS = "$(inherited) @executable_path/Frameworks";
				PRODUCT_BUNDLE_IDENTIFIER = Matcha.Cheesecake;
				PRODUCT_NAME = "$(TARGET_NAME)";
			};
			name = Release;
		};
		720477431CCAEBB7005D8772 /* Debug */ = {
			isa = XCBuildConfiguration;
			buildSettings = {
				BUNDLE_LOADER = "$(TEST_HOST)";
				INFOPLIST_FILE = CheesecakeTests/Info.plist;
				LD_RUNPATH_SEARCH_PATHS = "$(inherited) @executable_path/Frameworks @loader_path/Frameworks";
				PRODUCT_BUNDLE_IDENTIFIER = Matcha.CheesecakeTests;
				PRODUCT_NAME = "$(TARGET_NAME)";
				TEST_HOST = "$(BUILT_PRODUCTS_DIR)/Cheesecake.app/Cheesecake";
			};
			name = Debug;
		};
		720477441CCAEBB7005D8772 /* Release */ = {
			isa = XCBuildConfiguration;
			buildSettings = {
				BUNDLE_LOADER = "$(TEST_HOST)";
				INFOPLIST_FILE = CheesecakeTests/Info.plist;
				LD_RUNPATH_SEARCH_PATHS = "$(inherited) @executable_path/Frameworks @loader_path/Frameworks";
				PRODUCT_BUNDLE_IDENTIFIER = Matcha.CheesecakeTests;
				PRODUCT_NAME = "$(TARGET_NAME)";
				TEST_HOST = "$(BUILT_PRODUCTS_DIR)/Cheesecake.app/Cheesecake";
			};
			name = Release;
		};
		720477461CCAEBB7005D8772 /* Debug */ = {
			isa = XCBuildConfiguration;
			buildSettings = {
				INFOPLIST_FILE = CheesecakeUITests/Info.plist;
				LD_RUNPATH_SEARCH_PATHS = "$(inherited) @executable_path/Frameworks @loader_path/Frameworks";
				PRODUCT_BUNDLE_IDENTIFIER = Matcha.CheesecakeUITests;
				PRODUCT_NAME = "$(TARGET_NAME)";
				TEST_TARGET_NAME = Cheesecake;
			};
			name = Debug;
		};
		720477471CCAEBB7005D8772 /* Release */ = {
			isa = XCBuildConfiguration;
			buildSettings = {
				INFOPLIST_FILE = CheesecakeUITests/Info.plist;
				LD_RUNPATH_SEARCH_PATHS = "$(inherited) @executable_path/Frameworks @loader_path/Frameworks";
				PRODUCT_BUNDLE_IDENTIFIER = Matcha.CheesecakeUITests;
				PRODUCT_NAME = "$(TARGET_NAME)";
				TEST_TARGET_NAME = Cheesecake;
			};
			name = Release;
		};
/* End XCBuildConfiguration section */

/* Begin XCConfigurationList section */
		720477121CCAEBB5005D8772 /* Build configuration list for PBXProject "Cheesecake" */ = {
			isa = XCConfigurationList;
			buildConfigurations = (
				7204773D1CCAEBB7005D8772 /* Debug */,
				7204773E1CCAEBB7005D8772 /* Release */,
			);
			defaultConfigurationIsVisible = 0;
			defaultConfigurationName = Release;
		};
		7204773F1CCAEBB7005D8772 /* Build configuration list for PBXNativeTarget "Cheesecake" */ = {
			isa = XCConfigurationList;
			buildConfigurations = (
				720477401CCAEBB7005D8772 /* Debug */,
				720477411CCAEBB7005D8772 /* Release */,
			);
			defaultConfigurationIsVisible = 0;
		};
		720477421CCAEBB7005D8772 /* Build configuration list for PBXNativeTarget "CheesecakeTests" */ = {
			isa = XCConfigurationList;
			buildConfigurations = (
				720477431CCAEBB7005D8772 /* Debug */,
				720477441CCAEBB7005D8772 /* Release */,
			);
			defaultConfigurationIsVisible = 0;
		};
		720477451CCAEBB7005D8772 /* Build configuration list for PBXNativeTarget "CheesecakeUITests" */ = {
			isa = XCConfigurationList;
			buildConfigurations = (
				720477461CCAEBB7005D8772 /* Debug */,
				720477471CCAEBB7005D8772 /* Release */,
			);
			defaultConfigurationIsVisible = 0;
		};
/* End XCConfigurationList section */
	};
	rootObject = 7204770F1CCAEBB5005D8772 /* Project object */;
}
